// !$*UTF8*$!
{
	archiveVersion = 1;
	classes = {
	};
	objectVersion = 50;
	objects = {

/* Begin PBXBuildFile section */
		2B1F60EC2628080500F7E7AB /* AppDelegate.swift in Sources */ = {isa = PBXBuildFile; fileRef = 2B1F60EB2628080500F7E7AB /* AppDelegate.swift */; };
		2B1F60EE2628080500F7E7AB /* SceneDelegate.swift in Sources */ = {isa = PBXBuildFile; fileRef = 2B1F60ED2628080500F7E7AB /* SceneDelegate.swift */; };
		2B1F60F02628080500F7E7AB /* ContentView.swift in Sources */ = {isa = PBXBuildFile; fileRef = 2B1F60EF2628080500F7E7AB /* ContentView.swift */; };
		2B1F60F22628080600F7E7AB /* Assets.xcassets in Resources */ = {isa = PBXBuildFile; fileRef = 2B1F60F12628080600F7E7AB /* Assets.xcassets */; };
		2B1F60F52628080600F7E7AB /* Preview Assets.xcassets in Resources */ = {isa = PBXBuildFile; fileRef = 2B1F60F42628080600F7E7AB /* Preview Assets.xcassets */; };
		2B1F60F82628080600F7E7AB /* LaunchScreen.storyboard in Resources */ = {isa = PBXBuildFile; fileRef = 2B1F60F62628080600F7E7AB /* LaunchScreen.storyboard */; };
		2B1F6106262839B500F7E7AB /* PostData.swift in Sources */ = {isa = PBXBuildFile; fileRef = 2B1F6105262839B500F7E7AB /* PostData.swift */; };
		2B1F610A26283C9000F7E7AB /* NetworkManager.swift in Sources */ = {isa = PBXBuildFile; fileRef = 2B1F610926283C9000F7E7AB /* NetworkManager.swift */; };
		2B1F610F262865AB00F7E7AB /* DetailView.swift in Sources */ = {isa = PBXBuildFile; fileRef = 2B1F610E262865AB00F7E7AB /* DetailView.swift */; };
/* End PBXBuildFile section */

/* Begin PBXFileReference section */
		2B1F60E82628080500F7E7AB /* Finance News.app */ = {isa = PBXFileReference; explicitFileType = wrapper.application; includeInIndex = 0; path = "Finance News.app"; sourceTree = BUILT_PRODUCTS_DIR; };
		2B1F60EB2628080500F7E7AB /* AppDelegate.swift */ = {isa = PBXFileReference; lastKnownFileType = sourcecode.swift; path = AppDelegate.swift; sourceTree = "<group>"; };
		2B1F60ED2628080500F7E7AB /* SceneDelegate.swift */ = {isa = PBXFileReference; lastKnownFileType = sourcecode.swift; path = SceneDelegate.swift; sourceTree = "<group>"; };
		2B1F60EF2628080500F7E7AB /* ContentView.swift */ = {isa = PBXFileReference; lastKnownFileType = sourcecode.swift; path = ContentView.swift; sourceTree = "<group>"; };
		2B1F60F12628080600F7E7AB /* Assets.xcassets */ = {isa = PBXFileReference; lastKnownFileType = folder.assetcatalog; path = Assets.xcassets; sourceTree = "<group>"; };
		2B1F60F42628080600F7E7AB /* Preview Assets.xcassets */ = {isa = PBXFileReference; lastKnownFileType = folder.assetcatalog; path = "Preview Assets.xcassets"; sourceTree = "<group>"; };
		2B1F60F72628080600F7E7AB /* Base */ = {isa = PBXFileReference; lastKnownFileType = file.storyboard; name = Base; path = Base.lproj/LaunchScreen.storyboard; sourceTree = "<group>"; };
		2B1F60F92628080600F7E7AB /* Info.plist */ = {isa = PBXFileReference; lastKnownFileType = text.plist.xml; path = Info.plist; sourceTree = "<group>"; };
		2B1F6105262839B500F7E7AB /* PostData.swift */ = {isa = PBXFileReference; lastKnownFileType = sourcecode.swift; path = PostData.swift; sourceTree = "<group>"; };
		2B1F610926283C9000F7E7AB /* NetworkManager.swift */ = {isa = PBXFileReference; lastKnownFileType = sourcecode.swift; path = NetworkManager.swift; sourceTree = "<group>"; };
		2B1F610E262865AB00F7E7AB /* DetailView.swift */ = {isa = PBXFileReference; lastKnownFileType = sourcecode.swift; path = DetailView.swift; sourceTree = "<group>"; };
/* End PBXFileReference section */

/* Begin PBXFrameworksBuildPhase section */
		2B1F60E52628080500F7E7AB /* Frameworks */ = {
			isa = PBXFrameworksBuildPhase;
			buildActionMask = 2147483647;
			files = (
			);
			runOnlyForDeploymentPostprocessing = 0;
		};
/* End PBXFrameworksBuildPhase section */

/* Begin PBXGroup section */
		2B1F60DF2628080500F7E7AB = {
			isa = PBXGroup;
			children = (
				2B1F60EA2628080500F7E7AB /* Finance News */,
				2B1F60E92628080500F7E7AB /* Products */,
			);
			sourceTree = "<group>";
		};
		2B1F60E92628080500F7E7AB /* Products */ = {
			isa = PBXGroup;
			children = (
				2B1F60E82628080500F7E7AB /* Finance News.app */,
			);
			name = Products;
			sourceTree = "<group>";
		};
		2B1F60EA2628080500F7E7AB /* Finance News */ = {
			isa = PBXGroup;
			children = (
				2B1F60EB2628080500F7E7AB /* AppDelegate.swift */,
				2B1F60ED2628080500F7E7AB /* SceneDelegate.swift */,
				2B1F61042628399300F7E7AB /* Model */,
				2B1F61012628398500F7E7AB /* View */,
				2B1F60F12628080600F7E7AB /* Assets.xcassets */,
				2B1F60F62628080600F7E7AB /* LaunchScreen.storyboard */,
				2B1F60F92628080600F7E7AB /* Info.plist */,
				2B1F60F32628080600F7E7AB /* Preview Content */,
			);
			path = "Finance News";
			sourceTree = "<group>";
		};
		2B1F60F32628080600F7E7AB /* Preview Content */ = {
			isa = PBXGroup;
			children = (
				2B1F60F42628080600F7E7AB /* Preview Assets.xcassets */,
			);
			path = "Preview Content";
			sourceTree = "<group>";
		};
		2B1F61012628398500F7E7AB /* View */ = {
			isa = PBXGroup;
			children = (
				2B1F60EF2628080500F7E7AB /* ContentView.swift */,
				2B1F610E262865AB00F7E7AB /* DetailView.swift */,
			);
			path = View;
			sourceTree = "<group>";
		};
		2B1F61042628399300F7E7AB /* Model */ = {
			isa = PBXGroup;
			children = (
				2B1F610926283C9000F7E7AB /* NetworkManager.swift */,
				2B1F6105262839B500F7E7AB /* PostData.swift */,
			);
			path = Model;
			sourceTree = "<group>";
		};
/* End PBXGroup section */

/* Begin PBXNativeTarget section */
		2B1F60E72628080500F7E7AB /* Finance News */ = {
			isa = PBXNativeTarget;
			buildConfigurationList = 2B1F60FC2628080600F7E7AB /* Build configuration list for PBXNativeTarget "Finance News" */;
			buildPhases = (
				2B1F60E42628080500F7E7AB /* Sources */,
				2B1F60E52628080500F7E7AB /* Frameworks */,
				2B1F60E62628080500F7E7AB /* Resources */,
			);
			buildRules = (
			);
			dependencies = (
			);
			name = "Finance News";
			productName = "Finance News";
			productReference = 2B1F60E82628080500F7E7AB /* Finance News.app */;
			productType = "com.apple.product-type.application";
		};
/* End PBXNativeTarget section */

/* Begin PBXProject section */
		2B1F60E02628080500F7E7AB /* Project object */ = {
			isa = PBXProject;
			attributes = {
				LastSwiftUpdateCheck = 1240;
				LastUpgradeCheck = 1240;
				TargetAttributes = {
					2B1F60E72628080500F7E7AB = {
						CreatedOnToolsVersion = 12.4;
					};
				};
			};
			buildConfigurationList = 2B1F60E32628080500F7E7AB /* Build configuration list for PBXProject "Finance News" */;
			compatibilityVersion = "Xcode 9.3";
			developmentRegion = en;
			hasScannedForEncodings = 0;
			knownRegions = (
				en,
				Base,
			);
			mainGroup = 2B1F60DF2628080500F7E7AB;
			productRefGroup = 2B1F60E92628080500F7E7AB /* Products */;
			projectDirPath = "";
			projectRoot = "";
			targets = (
				2B1F60E72628080500F7E7AB /* Finance News */,
			);
		};
/* End PBXProject section */

/* Begin PBXResourcesBuildPhase section */
		2B1F60E62628080500F7E7AB /* Resources */ = {
			isa = PBXResourcesBuildPhase;
			buildActionMask = 2147483647;
			files = (
				2B1F60F82628080600F7E7AB /* LaunchScreen.storyboard in Resources */,
				2B1F60F52628080600F7E7AB /* Preview Assets.xcassets in Resources */,
				2B1F60F22628080600F7E7AB /* Assets.xcassets in Resources */,
			);
			runOnlyForDeploymentPostprocessing = 0;
		};
/* End PBXResourcesBuildPhase section */

/* Begin PBXSourcesBuildPhase section */
		2B1F60E42628080500F7E7AB /* Sources */ = {
			isa = PBXSourcesBuildPhase;
			buildActionMask = 2147483647;
			files = (
				2B1F60EC2628080500F7E7AB /* AppDelegate.swift in Sources */,
				2B1F610F262865AB00F7E7AB /* DetailView.swift in Sources */,
				2B1F6106262839B500F7E7AB /* PostData.swift in Sources */,
				2B1F610A26283C9000F7E7AB /* NetworkManager.swift in Sources */,
				2B1F60EE2628080500F7E7AB /* SceneDelegate.swift in Sources */,
				2B1F60F02628080500F7E7AB /* ContentView.swift in Sources */,
			);
			runOnlyForDeploymentPostprocessing = 0;
		};
/* End PBXSourcesBuildPhase section */

/* Begin PBXVariantGroup section */
		2B1F60F62628080600F7E7AB /* LaunchScreen.storyboard */ = {
			isa = PBXVariantGroup;
			children = (
				2B1F60F72628080600F7E7AB /* Base */,
			);
			name = LaunchScreen.storyboard;
			sourceTree = "<group>";
		};
/* End PBXVariantGroup section */

/* Begin XCBuildConfiguration section */
		2B1F60FA2628080600F7E7AB /* Debug */ = {
			isa = XCBuildConfiguration;
			buildSettings = {
				ALWAYS_SEARCH_USER_PATHS = NO;
				CLANG_ANALYZER_NONNULL = YES;
				CLANG_ANALYZER_NUMBER_OBJECT_CONVERSION = YES_AGGRESSIVE;
				CLANG_CXX_LANGUAGE_STANDARD = "gnu++14";
				CLANG_CXX_LIBRARY = "libc++";
				CLANG_ENABLE_MODULES = YES;
				CLANG_ENABLE_OBJC_ARC = YES;
				CLANG_ENABLE_OBJC_WEAK = YES;
				CLANG_WARN_BLOCK_CAPTURE_AUTORELEASING = YES;
				CLANG_WARN_BOOL_CONVERSION = YES;
				CLANG_WARN_COMMA = YES;
				CLANG_WARN_CONSTANT_CONVERSION = YES;
				CLANG_WARN_DEPRECATED_OBJC_IMPLEMENTATIONS = YES;
				CLANG_WARN_DIRECT_OBJC_ISA_USAGE = YES_ERROR;
				CLANG_WARN_DOCUMENTATION_COMMENTS = YES;
				CLANG_WARN_EMPTY_BODY = YES;
				CLANG_WARN_ENUM_CONVERSION = YES;
				CLANG_WARN_INFINITE_RECURSION = YES;
				CLANG_WARN_INT_CONVERSION = YES;
				CLANG_WARN_NON_LITERAL_NULL_CONVERSION = YES;
				CLANG_WARN_OBJC_IMPLICIT_RETAIN_SELF = YES;
				CLANG_WARN_OBJC_LITERAL_CONVERSION = YES;
				CLANG_WARN_OBJC_ROOT_CLASS = YES_ERROR;
				CLANG_WARN_QUOTED_INCLUDE_IN_FRAMEWORK_HEADER = YES;
				CLANG_WARN_RANGE_LOOP_ANALYSIS = YES;
				CLANG_WARN_STRICT_PROTOTYPES = YES;
				CLANG_WARN_SUSPICIOUS_MOVE = YES;
				CLANG_WARN_UNGUARDED_AVAILABILITY = YES_AGGRESSIVE;
				CLANG_WARN_UNREACHABLE_CODE = YES;
				CLANG_WARN__DUPLICATE_METHOD_MATCH = YES;
				COPY_PHASE_STRIP = NO;
				DEBUG_INFORMATION_FORMAT = dwarf;
				ENABLE_STRICT_OBJC_MSGSEND = YES;
				ENABLE_TESTABILITY = YES;
				GCC_C_LANGUAGE_STANDARD = gnu11;
				GCC_DYNAMIC_NO_PIC = NO;
				GCC_NO_COMMON_BLOCKS = YES;
				GCC_OPTIMIZATION_LEVEL = 0;
				GCC_PREPROCESSOR_DEFINITIONS = (
					"DEBUG=1",
					"$(inherited)",
				);
				GCC_WARN_64_TO_32_BIT_CONVERSION = YES;
				GCC_WARN_ABOUT_RETURN_TYPE = YES_ERROR;
				GCC_WARN_UNDECLARED_SELECTOR = YES;
				GCC_WARN_UNINITIALIZED_AUTOS = YES_AGGRESSIVE;
				GCC_WARN_UNUSED_FUNCTION = YES;
				GCC_WARN_UNUSED_VARIABLE = YES;
				IPHONEOS_DEPLOYMENT_TARGET = 14.4;
				MTL_ENABLE_DEBUG_INFO = INCLUDE_SOURCE;
				MTL_FAST_MATH = YES;
				ONLY_ACTIVE_ARCH = YES;
				SDKROOT = iphoneos;
				SWIFT_ACTIVE_COMPILATION_CONDITIONS = DEBUG;
				SWIFT_OPTIMIZATION_LEVEL = "-Onone";
			};
			name = Debug;
		};
		2B1F60FB2628080600F7E7AB /* Release */ = {
			isa = XCBuildConfiguration;
			buildSettings = {
				ALWAYS_SEARCH_USER_PATHS = NO;
				CLANG_ANALYZER_NONNULL = YES;
				CLANG_ANALYZER_NUMBER_OBJECT_CONVERSION = YES_AGGRESSIVE;
				CLANG_CXX_LANGUAGE_STANDARD = "gnu++14";
				CLANG_CXX_LIBRARY = "libc++";
				CLANG_ENABLE_MODULES = YES;
				CLANG_ENABLE_OBJC_ARC = YES;
				CLANG_ENABLE_OBJC_WEAK = YES;
				CLANG_WARN_BLOCK_CAPTURE_AUTORELEASING = YES;
				CLANG_WARN_BOOL_CONVERSION = YES;
				CLANG_WARN_COMMA = YES;
				CLANG_WARN_CONSTANT_CONVERSION = YES;
				CLANG_WARN_DEPRECATED_OBJC_IMPLEMENTATIONS = YES;
				CLANG_WARN_DIRECT_OBJC_ISA_USAGE = YES_ERROR;
				CLANG_WARN_DOCUMENTATION_COMMENTS = YES;
				CLANG_WARN_EMPTY_BODY = YES;
				CLANG_WARN_ENUM_CONVERSION = YES;
				CLANG_WARN_INFINITE_RECURSION = YES;
				CLANG_WARN_INT_CONVERSION = YES;
				CLANG_WARN_NON_LITERAL_NULL_CONVERSION = YES;
				CLANG_WARN_OBJC_IMPLICIT_RETAIN_SELF = YES;
				CLANG_WARN_OBJC_LITERAL_CONVERSION = YES;
				CLANG_WARN_OBJC_ROOT_CLASS = YES_ERROR;
				CLANG_WARN_QUOTED_INCLUDE_IN_FRAMEWORK_HEADER = YES;
				CLANG_WARN_RANGE_LOOP_ANALYSIS = YES;
				CLANG_WARN_STRICT_PROTOTYPES = YES;
				CLANG_WARN_SUSPICIOUS_MOVE = YES;
				CLANG_WARN_UNGUARDED_AVAILABILITY = YES_AGGRESSIVE;
				CLANG_WARN_UNREACHABLE_CODE = YES;
				CLANG_WARN__DUPLICATE_METHOD_MATCH = YES;
				COPY_PHASE_STRIP = NO;
				DEBUG_INFORMATION_FORMAT = "dwarf-with-dsym";
				ENABLE_NS_ASSERTIONS = NO;
				ENABLE_STRICT_OBJC_MSGSEND = YES;
				GCC_C_LANGUAGE_STANDARD = gnu11;
				GCC_NO_COMMON_BLOCKS = YES;
				GCC_WARN_64_TO_32_BIT_CONVERSION = YES;
				GCC_WARN_ABOUT_RETURN_TYPE = YES_ERROR;
				GCC_WARN_UNDECLARED_SELECTOR = YES;
				GCC_WARN_UNINITIALIZED_AUTOS = YES_AGGRESSIVE;
				GCC_WARN_UNUSED_FUNCTION = YES;
				GCC_WARN_UNUSED_VARIABLE = YES;
				IPHONEOS_DEPLOYMENT_TARGET = 14.4;
				MTL_ENABLE_DEBUG_INFO = NO;
				MTL_FAST_MATH = YES;
				SDKROOT = iphoneos;
				SWIFT_COMPILATION_MODE = wholemodule;
				SWIFT_OPTIMIZATION_LEVEL = "-O";
				VALIDATE_PRODUCT = YES;
			};
			name = Release;
		};
		2B1F60FD2628080600F7E7AB /* Debug */ = {
			isa = XCBuildConfiguration;
			buildSettings = {
				ASSETCATALOG_COMPILER_APPICON_NAME = AppIcon;
				ASSETCATALOG_COMPILER_GLOBAL_ACCENT_COLOR_NAME = AccentColor;
				CODE_SIGN_STYLE = Automatic;
				DEVELOPMENT_ASSET_PATHS = "\"Finance News/Preview Content\"";
				DEVELOPMENT_TEAM = L43HJN36UM;
				ENABLE_PREVIEWS = YES;
				INFOPLIST_FILE = "Finance News/Info.plist";
				LD_RUNPATH_SEARCH_PATHS = (
					"$(inherited)",
					"@executable_path/Frameworks",
				);
				PRODUCT_BUNDLE_IDENTIFIER = "com.youngjun.Finance-News";
				PRODUCT_NAME = "$(TARGET_NAME)";
				SWIFT_VERSION = 5.0;
				TARGETED_DEVICE_FAMILY = "1,2";
			};
			name = Debug;
		};
		2B1F60FE2628080600F7E7AB /* Release */ = {
			isa = XCBuildConfiguration;
			buildSettings = {
				ASSETCATALOG_COMPILER_APPICON_NAME = AppIcon;
				ASSETCATALOG_COMPILER_GLOBAL_ACCENT_COLOR_NAME = AccentColor;
				CODE_SIGN_STYLE = Automatic;
				DEVELOPMENT_ASSET_PATHS = "\"Finance News/Preview Content\"";
				DEVELOPMENT_TEAM = L43HJN36UM;
				ENABLE_PREVIEWS = YES;
				INFOPLIST_FILE = "Finance News/Info.plist";
				LD_RUNPATH_SEARCH_PATHS = (
					"$(inherited)",
					"@executable_path/Frameworks",
				);
				PRODUCT_BUNDLE_IDENTIFIER = "com.youngjun.Finance-News";
				PRODUCT_NAME = "$(TARGET_NAME)";
				SWIFT_VERSION = 5.0;
				TARGETED_DEVICE_FAMILY = "1,2";
			};
			name = Release;
		};
/* End XCBuildConfiguration section */

/* Begin XCConfigurationList section */
		2B1F60E32628080500F7E7AB /* Build configuration list for PBXProject "Finance News" */ = {
			isa = XCConfigurationList;
			buildConfigurations = (
				2B1F60FA2628080600F7E7AB /* Debug */,
				2B1F60FB2628080600F7E7AB /* Release */,
			);
			defaultConfigurationIsVisible = 0;
			defaultConfigurationName = Release;
		};
		2B1F60FC2628080600F7E7AB /* Build configuration list for PBXNativeTarget "Finance News" */ = {
			isa = XCConfigurationList;
			buildConfigurations = (
				2B1F60FD2628080600F7E7AB /* Debug */,
				2B1F60FE2628080600F7E7AB /* Release */,
			);
			defaultConfigurationIsVisible = 0;
			defaultConfigurationName = Release;
		};
/* End XCConfigurationList section */
	};
	rootObject = 2B1F60E02628080500F7E7AB /* Project object */;
}
